
Microsoft Visual Studio Solution File, Format Version 12.00
# Visual Studio Version 17
VisualStudioVersion = 17.5.33530.505
MinimumVisualStudioVersion = 10.0.40219.1
Project("{FAE04EC0-301F-11D3-BF4B-00C04F79EFBC}") = "lab_02", "lab_02\lab_02.csproj", "{9DD3ED29-F7DF-4F40-9161-6A4C69D6CAAD}"
EndProject
Global
	GlobalSection(SolutionConfigurationPlatforms) = preSolution
		Debug|Any CPU = Debug|Any CPU
		Release|Any CPU = Release|Any CPU
	EndGlobalSection
	GlobalSection(ProjectConfigurationPlatforms) = postSolution
		{9DD3ED29-F7DF-4F40-9161-6A4C69D6CAAD}.Debug|Any CPU.ActiveCfg = Debug|Any CPU
		{9DD3ED29-F7DF-4F40-9161-6A4C69D6CAAD}.Debug|Any CPU.Build.0 = Debug|Any CPU
		{9DD3ED29-F7DF-4F40-9161-6A4C69D6CAAD}.Release|Any CPU.ActiveCfg = Release|Any CPU
		{9DD3ED29-F7DF-4F40-9161-6A4C69D6CAAD}.Release|Any CPU.Build.0 = Release|Any CPU
	EndGlobalSection
	GlobalSection(SolutionProperties) = preSolution
		HideSolutionNode = FALSE
	EndGlobalSection
	GlobalSection(ExtensibilityGlobals) = postSolution
		SolutionGuid = {31DFA872-5C24-4A69-B3F0-FC6F41A877AB}
	EndGlobalSection
EndGlobal
