
Microsoft Visual Studio Solution File, Format Version 12.00
# Visual Studio Version 17
VisualStudioVersion = 17.5.33530.505
MinimumVisualStudioVersion = 10.0.40219.1
Project("{FAE04EC0-301F-11D3-BF4B-00C04F79EFBC}") = "lab_01", "lab_01\lab_01.csproj", "{F04BE35C-2062-4EB5-9808-736DF9A481D6}"
EndProject
Global
	GlobalSection(SolutionConfigurationPlatforms) = preSolution
		Debug|Any CPU = Debug|Any CPU
		Release|Any CPU = Release|Any CPU
	EndGlobalSection
	GlobalSection(ProjectConfigurationPlatforms) = postSolution
		{F04BE35C-2062-4EB5-9808-736DF9A481D6}.Debug|Any CPU.ActiveCfg = Debug|Any CPU
		{F04BE35C-2062-4EB5-9808-736DF9A481D6}.Debug|Any CPU.Build.0 = Debug|Any CPU
		{F04BE35C-2062-4EB5-9808-736DF9A481D6}.Release|Any CPU.ActiveCfg = Release|Any CPU
		{F04BE35C-2062-4EB5-9808-736DF9A481D6}.Release|Any CPU.Build.0 = Release|Any CPU
	EndGlobalSection
	GlobalSection(SolutionProperties) = preSolution
		HideSolutionNode = FALSE
	EndGlobalSection
	GlobalSection(ExtensibilityGlobals) = postSolution
		SolutionGuid = {A766DA08-5C8F-4D0A-BFE2-B951C4C295E0}
	EndGlobalSection
EndGlobal
