
Microsoft Visual Studio Solution File, Format Version 12.00
# Visual Studio Version 17
VisualStudioVersion = 17.5.33530.505
MinimumVisualStudioVersion = 10.0.40219.1
Project("{FAE04EC0-301F-11D3-BF4B-00C04F79EFBC}") = "lab_04", "lab_04\lab_04.csproj", "{702FB2B1-1883-4739-8929-568BD9E90761}"
EndProject
Global
	GlobalSection(SolutionConfigurationPlatforms) = preSolution
		Debug|Any CPU = Debug|Any CPU
		Release|Any CPU = Release|Any CPU
	EndGlobalSection
	GlobalSection(ProjectConfigurationPlatforms) = postSolution
		{702FB2B1-1883-4739-8929-568BD9E90761}.Debug|Any CPU.ActiveCfg = Debug|Any CPU
		{702FB2B1-1883-4739-8929-568BD9E90761}.Debug|Any CPU.Build.0 = Debug|Any CPU
		{702FB2B1-1883-4739-8929-568BD9E90761}.Release|Any CPU.ActiveCfg = Release|Any CPU
		{702FB2B1-1883-4739-8929-568BD9E90761}.Release|Any CPU.Build.0 = Release|Any CPU
	EndGlobalSection
	GlobalSection(SolutionProperties) = preSolution
		HideSolutionNode = FALSE
	EndGlobalSection
	GlobalSection(ExtensibilityGlobals) = postSolution
		SolutionGuid = {95D9696B-7864-459E-8931-2AE704BA9C34}
	EndGlobalSection
EndGlobal
